
Microsoft Visual Studio Solution File, Format Version 12.00
# Visual Studio Version 17
VisualStudioVersion = 17.7.34031.279
MinimumVisualStudioVersion = 10.0.40219.1
Project("{FAE04EC0-301F-11D3-BF4B-00C04F79EFBC}") = "TarCur", "TarCur.csproj", "{A8F461C4-3D03-4D0F-A016-618CF23B3B7A}"
EndProject
Global
	GlobalSection(SolutionConfigurationPlatforms) = preSolution
		Debug|Any CPU = Debug|Any CPU
		Release|Any CPU = Release|Any CPU
	EndGlobalSection
	GlobalSection(ProjectConfigurationPlatforms) = postSolution
		{A8F461C4-3D03-4D0F-A016-618CF23B3B7A}.Debug|Any CPU.ActiveCfg = Debug|Any CPU
		{A8F461C4-3D03-4D0F-A016-618CF23B3B7A}.Debug|Any CPU.Build.0 = Debug|Any CPU
		{A8F461C4-3D03-4D0F-A016-618CF23B3B7A}.Release|Any CPU.ActiveCfg = Release|Any CPU
		{A8F461C4-3D03-4D0F-A016-618CF23B3B7A}.Release|Any CPU.Build.0 = Release|Any CPU
	EndGlobalSection
	GlobalSection(SolutionProperties) = preSolution
		HideSolutionNode = FALSE
	EndGlobalSection
	GlobalSection(ExtensibilityGlobals) = postSolution
		SolutionGuid = {A84D434D-6CBA-4448-8B6F-FA0EC3373500}
	EndGlobalSection
EndGlobal
